
Microsoft Visual Studio Solution File, Format Version 12.00
Project("{FAE04EC0-301F-11D3-BF4B-00C04F79EFBC}") = "OFX.Reader.Application", "src\OFX.Reader.Application\OFX.Reader.Application.csproj", "{CBAA128B-C7FF-4C1F-BFA4-FF96723716A4}"
EndProject
Project("{FAE04EC0-301F-11D3-BF4B-00C04F79EFBC}") = "OFX.Reader.Domain", "src\OFX.Reader.Domain\OFX.Reader.Domain.csproj", "{E741245F-903A-4105-94EE-95282AAB5F87}"
EndProject
Project("{FAE04EC0-301F-11D3-BF4B-00C04F79EFBC}") = "OFX.Reader.Persistence", "src\OFX.Reader.Persistence\OFX.Reader.Persistence.csproj", "{F03A6199-465F-4153-A14F-347AD0421B9B}"
EndProject
Project("{2150E333-8FDC-42A3-9474-1A3956D46DE8}") = "Application", "Application", "{465E98A8-D1A6-4853-9C08-200F98721065}"
EndProject
Project("{2150E333-8FDC-42A3-9474-1A3956D46DE8}") = "Persistence", "Persistence", "{A7838F6A-CF14-4562-AF42-A2369B6E7AFE}"
EndProject
Project("{2150E333-8FDC-42A3-9474-1A3956D46DE8}") = "Presentation", "Presentation", "{13D72F9F-33FC-4A8C-AF6B-EFAEC6D0623B}"
EndProject
Project("{2150E333-8FDC-42A3-9474-1A3956D46DE8}") = "Infrastructure", "Infrastructure", "{28DC0C6B-B3C2-4842-ACB9-E3A06779C4B8}"
EndProject
Project("{FAE04EC0-301F-11D3-BF4B-00C04F79EFBC}") = "OFX.Reader.Infrastructure", "src\OFX.Reader.Infrastructure\OFX.Reader.Infrastructure.csproj", "{9952DA4C-54E9-4593-8298-6C67743E09D6}"
EndProject
Project("{2150E333-8FDC-42A3-9474-1A3956D46DE8}") = "Tests", "Tests", "{62CA319B-AF36-43EA-B425-FD34C65EB8E5}"
EndProject
Project("{FAE04EC0-301F-11D3-BF4B-00C04F79EFBC}") = "OFX.Reader.Infrastructure.Tests", "src\OFX.Reader.Infrastructure.Tests\OFX.Reader.Infrastructure.Tests.csproj", "{796B6B5A-A0DD-47E6-B4F3-45F19C3A9E8B}"
EndProject
Project("{FAE04EC0-301F-11D3-BF4B-00C04F79EFBC}") = "OFX.Reader.Application.Tests", "src\OFX.Reader.Application.Tests\OFX.Reader.Application.Tests.csproj", "{BB44E36E-0C93-4B09-BE56-39F55B1BCB24}"
EndProject
Project("{2150E333-8FDC-42A3-9474-1A3956D46DE8}") = "CrossCutting", "CrossCutting", "{D354BC26-9113-4F98-AC6A-0265D6D3A52C}"
EndProject
Project("{FAE04EC0-301F-11D3-BF4B-00C04F79EFBC}") = "OFX.Reader.Common", "src\OFX.Reader.Common\OFX.Reader.Common.csproj", "{59801465-1210-4436-852A-F2FD86CDEB4A}"
EndProject
Global
	GlobalSection(SolutionConfigurationPlatforms) = preSolution
		Debug|Any CPU = Debug|Any CPU
		Release|Any CPU = Release|Any CPU
	EndGlobalSection
	GlobalSection(ProjectConfigurationPlatforms) = postSolution
		{CBAA128B-C7FF-4C1F-BFA4-FF96723716A4}.Debug|Any CPU.ActiveCfg = Debug|Any CPU
		{CBAA128B-C7FF-4C1F-BFA4-FF96723716A4}.Debug|Any CPU.Build.0 = Debug|Any CPU
		{CBAA128B-C7FF-4C1F-BFA4-FF96723716A4}.Release|Any CPU.ActiveCfg = Release|Any CPU
		{CBAA128B-C7FF-4C1F-BFA4-FF96723716A4}.Release|Any CPU.Build.0 = Release|Any CPU
		{E741245F-903A-4105-94EE-95282AAB5F87}.Debug|Any CPU.ActiveCfg = Debug|Any CPU
		{E741245F-903A-4105-94EE-95282AAB5F87}.Debug|Any CPU.Build.0 = Debug|Any CPU
		{E741245F-903A-4105-94EE-95282AAB5F87}.Release|Any CPU.ActiveCfg = Release|Any CPU
		{E741245F-903A-4105-94EE-95282AAB5F87}.Release|Any CPU.Build.0 = Release|Any CPU
		{F03A6199-465F-4153-A14F-347AD0421B9B}.Debug|Any CPU.ActiveCfg = Debug|Any CPU
		{F03A6199-465F-4153-A14F-347AD0421B9B}.Debug|Any CPU.Build.0 = Debug|Any CPU
		{F03A6199-465F-4153-A14F-347AD0421B9B}.Release|Any CPU.ActiveCfg = Release|Any CPU
		{F03A6199-465F-4153-A14F-347AD0421B9B}.Release|Any CPU.Build.0 = Release|Any CPU
		{9952DA4C-54E9-4593-8298-6C67743E09D6}.Debug|Any CPU.ActiveCfg = Debug|Any CPU
		{9952DA4C-54E9-4593-8298-6C67743E09D6}.Debug|Any CPU.Build.0 = Debug|Any CPU
		{9952DA4C-54E9-4593-8298-6C67743E09D6}.Release|Any CPU.ActiveCfg = Release|Any CPU
		{9952DA4C-54E9-4593-8298-6C67743E09D6}.Release|Any CPU.Build.0 = Release|Any CPU
		{796B6B5A-A0DD-47E6-B4F3-45F19C3A9E8B}.Debug|Any CPU.ActiveCfg = Debug|Any CPU
		{796B6B5A-A0DD-47E6-B4F3-45F19C3A9E8B}.Debug|Any CPU.Build.0 = Debug|Any CPU
		{796B6B5A-A0DD-47E6-B4F3-45F19C3A9E8B}.Release|Any CPU.ActiveCfg = Release|Any CPU
		{796B6B5A-A0DD-47E6-B4F3-45F19C3A9E8B}.Release|Any CPU.Build.0 = Release|Any CPU
		{BB44E36E-0C93-4B09-BE56-39F55B1BCB24}.Debug|Any CPU.ActiveCfg = Debug|Any CPU
		{BB44E36E-0C93-4B09-BE56-39F55B1BCB24}.Debug|Any CPU.Build.0 = Debug|Any CPU
		{BB44E36E-0C93-4B09-BE56-39F55B1BCB24}.Release|Any CPU.ActiveCfg = Release|Any CPU
		{BB44E36E-0C93-4B09-BE56-39F55B1BCB24}.Release|Any CPU.Build.0 = Release|Any CPU
		{59801465-1210-4436-852A-F2FD86CDEB4A}.Debug|Any CPU.ActiveCfg = Debug|Any CPU
		{59801465-1210-4436-852A-F2FD86CDEB4A}.Debug|Any CPU.Build.0 = Debug|Any CPU
		{59801465-1210-4436-852A-F2FD86CDEB4A}.Release|Any CPU.ActiveCfg = Release|Any CPU
		{59801465-1210-4436-852A-F2FD86CDEB4A}.Release|Any CPU.Build.0 = Release|Any CPU
	EndGlobalSection
	GlobalSection(NestedProjects) = preSolution
		{CBAA128B-C7FF-4C1F-BFA4-FF96723716A4} = {465E98A8-D1A6-4853-9C08-200F98721065}
		{E741245F-903A-4105-94EE-95282AAB5F87} = {465E98A8-D1A6-4853-9C08-200F98721065}
		{F03A6199-465F-4153-A14F-347AD0421B9B} = {A7838F6A-CF14-4562-AF42-A2369B6E7AFE}
		{9952DA4C-54E9-4593-8298-6C67743E09D6} = {28DC0C6B-B3C2-4842-ACB9-E3A06779C4B8}
		{796B6B5A-A0DD-47E6-B4F3-45F19C3A9E8B} = {62CA319B-AF36-43EA-B425-FD34C65EB8E5}
		{BB44E36E-0C93-4B09-BE56-39F55B1BCB24} = {62CA319B-AF36-43EA-B425-FD34C65EB8E5}
		{59801465-1210-4436-852A-F2FD86CDEB4A} = {D354BC26-9113-4F98-AC6A-0265D6D3A52C}
	EndGlobalSection
EndGlobal
